
Microsoft Visual Studio Solution File, Format Version 12.00
# Visual Studio Version 16
VisualStudioVersion = 16.0.33423.256
MinimumVisualStudioVersion = 10.0.40219.1
Project("{FAE04EC0-301F-11D3-BF4B-00C04F79EFBC}") = "MultiplicationTable", "MultiplicationTable\MultiplicationTable.csproj", "{02F23B0D-CA77-4F8B-91F6-24C957E37D88}"
EndProject
Global
	GlobalSection(SolutionConfigurationPlatforms) = preSolution
		Debug|Any CPU = Debug|Any CPU
		Release|Any CPU = Release|Any CPU
	EndGlobalSection
	GlobalSection(ProjectConfigurationPlatforms) = postSolution
		{02F23B0D-CA77-4F8B-91F6-24C957E37D88}.Debug|Any CPU.ActiveCfg = Debug|Any CPU
		{02F23B0D-CA77-4F8B-91F6-24C957E37D88}.Debug|Any CPU.Build.0 = Debug|Any CPU
		{02F23B0D-CA77-4F8B-91F6-24C957E37D88}.Release|Any CPU.ActiveCfg = Release|Any CPU
		{02F23B0D-CA77-4F8B-91F6-24C957E37D88}.Release|Any CPU.Build.0 = Release|Any CPU
	EndGlobalSection
	GlobalSection(SolutionProperties) = preSolution
		HideSolutionNode = FALSE
	EndGlobalSection
	GlobalSection(ExtensibilityGlobals) = postSolution
		SolutionGuid = {BA5E975E-21F2-4FB2-B509-6C0AAC4209F4}
	EndGlobalSection
EndGlobal
