
Microsoft Visual Studio Solution File, Format Version 12.00
# Visual Studio Version 16
VisualStudioVersion = 16.0.33423.256
MinimumVisualStudioVersion = 10.0.40219.1
Project("{FAE04EC0-301F-11D3-BF4B-00C04F79EFBC}") = "BasicOperators2", "BasicOperators2\BasicOperators2.csproj", "{79F7D228-4C6B-4144-AECE-F8ED9D6A69F4}"
EndProject
Global
	GlobalSection(SolutionConfigurationPlatforms) = preSolution
		Debug|Any CPU = Debug|Any CPU
		Release|Any CPU = Release|Any CPU
	EndGlobalSection
	GlobalSection(ProjectConfigurationPlatforms) = postSolution
		{79F7D228-4C6B-4144-AECE-F8ED9D6A69F4}.Debug|Any CPU.ActiveCfg = Debug|Any CPU
		{79F7D228-4C6B-4144-AECE-F8ED9D6A69F4}.Debug|Any CPU.Build.0 = Debug|Any CPU
		{79F7D228-4C6B-4144-AECE-F8ED9D6A69F4}.Release|Any CPU.ActiveCfg = Release|Any CPU
		{79F7D228-4C6B-4144-AECE-F8ED9D6A69F4}.Release|Any CPU.Build.0 = Release|Any CPU
	EndGlobalSection
	GlobalSection(SolutionProperties) = preSolution
		HideSolutionNode = FALSE
	EndGlobalSection
	GlobalSection(ExtensibilityGlobals) = postSolution
		SolutionGuid = {F9D455E5-7774-4140-B195-0C15EB3EEA8A}
	EndGlobalSection
EndGlobal
