
Microsoft Visual Studio Solution File, Format Version 12.00
# Visual Studio Version 16
VisualStudioVersion = 16.0.33423.256
MinimumVisualStudioVersion = 10.0.40219.1
Project("{FAE04EC0-301F-11D3-BF4B-00C04F79EFBC}") = "ForWhileLoop", "ForWhileLoop\ForWhileLoop.csproj", "{2033746B-AC98-46C3-B838-3D9282A96D64}"
EndProject
Global
	GlobalSection(SolutionConfigurationPlatforms) = preSolution
		Debug|Any CPU = Debug|Any CPU
		Release|Any CPU = Release|Any CPU
	EndGlobalSection
	GlobalSection(ProjectConfigurationPlatforms) = postSolution
		{2033746B-AC98-46C3-B838-3D9282A96D64}.Debug|Any CPU.ActiveCfg = Debug|Any CPU
		{2033746B-AC98-46C3-B838-3D9282A96D64}.Debug|Any CPU.Build.0 = Debug|Any CPU
		{2033746B-AC98-46C3-B838-3D9282A96D64}.Release|Any CPU.ActiveCfg = Release|Any CPU
		{2033746B-AC98-46C3-B838-3D9282A96D64}.Release|Any CPU.Build.0 = Release|Any CPU
	EndGlobalSection
	GlobalSection(SolutionProperties) = preSolution
		HideSolutionNode = FALSE
	EndGlobalSection
	GlobalSection(ExtensibilityGlobals) = postSolution
		SolutionGuid = {098C8A48-859D-4B5E-AD43-5472B4C15B64}
	EndGlobalSection
EndGlobal
