
Microsoft Visual Studio Solution File, Format Version 12.00
# Visual Studio Version 16
VisualStudioVersion = 16.0.33423.256
MinimumVisualStudioVersion = 10.0.40219.1
Project("{FAE04EC0-301F-11D3-BF4B-00C04F79EFBC}") = "OOPClassesObjects", "OOPClassesObjects\OOPClassesObjects.csproj", "{9DAE2FCF-D541-4EB6-9E5B-325A10AECA3C}"
EndProject
Global
	GlobalSection(SolutionConfigurationPlatforms) = preSolution
		Debug|Any CPU = Debug|Any CPU
		Release|Any CPU = Release|Any CPU
	EndGlobalSection
	GlobalSection(ProjectConfigurationPlatforms) = postSolution
		{9DAE2FCF-D541-4EB6-9E5B-325A10AECA3C}.Debug|Any CPU.ActiveCfg = Debug|Any CPU
		{9DAE2FCF-D541-4EB6-9E5B-325A10AECA3C}.Debug|Any CPU.Build.0 = Debug|Any CPU
		{9DAE2FCF-D541-4EB6-9E5B-325A10AECA3C}.Release|Any CPU.ActiveCfg = Release|Any CPU
		{9DAE2FCF-D541-4EB6-9E5B-325A10AECA3C}.Release|Any CPU.Build.0 = Release|Any CPU
	EndGlobalSection
	GlobalSection(SolutionProperties) = preSolution
		HideSolutionNode = FALSE
	EndGlobalSection
	GlobalSection(ExtensibilityGlobals) = postSolution
		SolutionGuid = {2193D9BE-1CE9-453B-8E72-BD51C3669D76}
	EndGlobalSection
EndGlobal
